{
  "name": "@traptitech/markdown-it-spoiler",
  "version": "1.1.2",
  "lockfileVersion": 1,
  "requires": true,
  "dependencies": {
    "@types/linkify-it": {
      "version": "2.1.0",
      "resolved": "https://registry.npmjs.org/@types/linkify-it/-/linkify-it-2.1.0.tgz",
      "integrity": "sha512-Q7DYAOi9O/+cLLhdaSvKdaumWyHbm7HAk/bFwwyTuU0arR5yyCeW5GOoqt4tJTpDRxhpx9Q8kQL6vMpuw9hDSw=="
    },
    "@types/markdown-it": {
      "version": "0.0.9",
      "resolved": "https://registry.npmjs.org/@types/markdown-it/-/markdown-it-0.0.9.tgz",
      "integrity": "sha512-IFSepyZXbF4dgSvsk8EsgaQ/8Msv1I5eTL0BZ0X3iGO9jw6tCVtPG8HchIPm3wrkmGdqZOD42kE0zplVi1gYDA==",
      "requires": {
        "@types/linkify-it": "*"
      }
    }
  }
}
